{
  "name": "svg.connectable.js",
  "version": "2.0.1",
  "lockfileVersion": 1,
  "requires": true,
  "dependencies": {
    "deffy": {
      "version": "2.2.2",
      "resolved": "https://registry.npmjs.org/deffy/-/deffy-2.2.2.tgz",
      "integrity": "sha1-CI9AkTy0cHhlP6b2l8IG4DRx1SM=",
      "requires": {
        "typpy": "2.3.9"
      }
    },
    "function.name": {
      "version": "1.0.9",
      "resolved": "https://registry.npmjs.org/function.name/-/function.name-1.0.9.tgz",
      "integrity": "sha1-kcRcj5HyACvGgIbGc4crYH3Yc8M=",
      "requires": {
        "noop6": "1.0.7"
      }
    },
    "idy": {
      "version": "1.2.8",
      "resolved": "https://registry.npmjs.org/idy/-/idy-1.2.8.tgz",
      "integrity": "sha1-QTiu0ryq95I0h6RNd/u9YJXTDN4="
    },
    "iterate-object": {
      "version": "1.3.2",
      "resolved": "https://registry.npmjs.org/iterate-object/-/iterate-object-1.3.2.tgz",
      "integrity": "sha1-JOwVr/pdADnog5aVohwsrh9Ftms="
    },
    "noop6": {
      "version": "1.0.7",
      "resolved": "https://registry.npmjs.org/noop6/-/noop6-1.0.7.tgz",
      "integrity": "sha1-lnZ78gWLpZyoy5FVk0fdyAI5+o4="
    },
    "set-or-get": {
      "version": "1.2.7",
      "resolved": "https://registry.npmjs.org/set-or-get/-/set-or-get-1.2.7.tgz",
      "integrity": "sha1-PjBwBFf/1hZKC9EwYujCKuzRcgs=",
      "requires": {
        "deffy": "2.2.2"
      }
    },
    "typpy": {
      "version": "2.3.9",
      "resolved": "https://registry.npmjs.org/typpy/-/typpy-2.3.9.tgz",
      "integrity": "sha1-KGZP2l6nHdcYck+J0ABgrx8Jw44=",
      "requires": {
        "function.name": "1.0.9"
      }
    }
  }
}
